// !$*UTF8*$!
{
	archiveVersion = 1;
	classes = {
	};
	objectVersion = 46;
	objects = {

/* Begin PBXBuildFile section */
		B35D36EC1DB4FBAE00ED6116 /* AppDelegate.swift in Sources */ = {isa = PBXBuildFile; fileRef = B35D36EB1DB4FBAE00ED6116 /* AppDelegate.swift */; };
		B35D36EE1DB4FBAE00ED6116 /* ViewController.swift in Sources */ = {isa = PBXBuildFile; fileRef = B35D36ED1DB4FBAE00ED6116 /* ViewController.swift */; };
		B35D36F11DB4FBAE00ED6116 /* Main.storyboard in Resources */ = {isa = PBXBuildFile; fileRef = B35D36EF1DB4FBAE00ED6116 /* Main.storyboard */; };
		B35D36F31DB4FBAE00ED6116 /* Assets.xcassets in Resources */ = {isa = PBXBuildFile; fileRef = B35D36F21DB4FBAE00ED6116 /* Assets.xcassets */; };
		B35D36F61DB4FBAF00ED6116 /* LaunchScreen.storyboard in Resources */ = {isa = PBXBuildFile; fileRef = B35D36F41DB4FBAF00ED6116 /* LaunchScreen.storyboard */; };
		B35D36FB1DB4FBAF00ED6116 /* BitPrice WatchKit App.app in Embed Watch Content */ = {isa = PBXBuildFile; fileRef = B35D36FA1DB4FBAF00ED6116 /* BitPrice WatchKit App.app */; };
		B35D37011DB4FBAF00ED6116 /* Interface.storyboard in Resources */ = {isa = PBXBuildFile; fileRef = B35D36FF1DB4FBAF00ED6116 /* Interface.storyboard */; };
		B35D37031DB4FBAF00ED6116 /* Assets.xcassets in Resources */ = {isa = PBXBuildFile; fileRef = B35D37021DB4FBAF00ED6116 /* Assets.xcassets */; };
		B35D370A1DB4FBAF00ED6116 /* BitPrice WatchKit Extension.appex in Embed App Extensions */ = {isa = PBXBuildFile; fileRef = B35D37091DB4FBAF00ED6116 /* BitPrice WatchKit Extension.appex */; settings = {ATTRIBUTES = (RemoveHeadersOnCopy, ); }; };
		B35D370F1DB4FBAF00ED6116 /* InterfaceController.swift in Sources */ = {isa = PBXBuildFile; fileRef = B35D370E1DB4FBAF00ED6116 /* InterfaceController.swift */; };
		B35D37111DB4FBAF00ED6116 /* ExtensionDelegate.swift in Sources */ = {isa = PBXBuildFile; fileRef = B35D37101DB4FBAF00ED6116 /* ExtensionDelegate.swift */; };
		B35D37131DB4FBAF00ED6116 /* ComplicationController.swift in Sources */ = {isa = PBXBuildFile; fileRef = B35D37121DB4FBAF00ED6116 /* ComplicationController.swift */; };
		B35D37151DB4FBAF00ED6116 /* Assets.xcassets in Resources */ = {isa = PBXBuildFile; fileRef = B35D37141DB4FBAF00ED6116 /* Assets.xcassets */; };
/* End PBXBuildFile section */

/* Begin PBXContainerItemProxy section */
		B35D36FC1DB4FBAF00ED6116 /* PBXContainerItemProxy */ = {
			isa = PBXContainerItemProxy;
			containerPortal = B35D36E01DB4FBAE00ED6116 /* Project object */;
			proxyType = 1;
			remoteGlobalIDString = B35D36F91DB4FBAF00ED6116;
			remoteInfo = "BitPrice WatchKit App";
		};
		B35D370B1DB4FBAF00ED6116 /* PBXContainerItemProxy */ = {
			isa = PBXContainerItemProxy;
			containerPortal = B35D36E01DB4FBAE00ED6116 /* Project object */;
			proxyType = 1;
			remoteGlobalIDString = B35D37081DB4FBAF00ED6116;
			remoteInfo = "BitPrice WatchKit Extension";
		};
/* End PBXContainerItemProxy section */

/* Begin PBXCopyFilesBuildPhase section */
		B35D371C1DB4FBAF00ED6116 /* Embed App Extensions */ = {
			isa = PBXCopyFilesBuildPhase;
			buildActionMask = 2147483647;
			dstPath = "";
			dstSubfolderSpec = 13;
			files = (
				B35D370A1DB4FBAF00ED6116 /* BitPrice WatchKit Extension.appex in Embed App Extensions */,
			);
			name = "Embed App Extensions";
			runOnlyForDeploymentPostprocessing = 0;
		};
		B35D37201DB4FBAF00ED6116 /* Embed Watch Content */ = {
			isa = PBXCopyFilesBuildPhase;
			buildActionMask = 2147483647;
			dstPath = "$(CONTENTS_FOLDER_PATH)/Watch";
			dstSubfolderSpec = 16;
			files = (
				B35D36FB1DB4FBAF00ED6116 /* BitPrice WatchKit App.app in Embed Watch Content */,
			);
			name = "Embed Watch Content";
			runOnlyForDeploymentPostprocessing = 0;
		};
/* End PBXCopyFilesBuildPhase section */

/* Begin PBXFileReference section */
		B35D36E81DB4FBAE00ED6116 /* BitPrice.app */ = {isa = PBXFileReference; explicitFileType = wrapper.application; includeInIndex = 0; path = BitPrice.app; sourceTree = BUILT_PRODUCTS_DIR; };
		B35D36EB1DB4FBAE00ED6116 /* AppDelegate.swift */ = {isa = PBXFileReference; lastKnownFileType = sourcecode.swift; path = AppDelegate.swift; sourceTree = "<group>"; };
		B35D36ED1DB4FBAE00ED6116 /* ViewController.swift */ = {isa = PBXFileReference; lastKnownFileType = sourcecode.swift; path = ViewController.swift; sourceTree = "<group>"; };
		B35D36F01DB4FBAE00ED6116 /* Base */ = {isa = PBXFileReference; lastKnownFileType = file.storyboard; name = Base; path = Base.lproj/Main.storyboard; sourceTree = "<group>"; };
		B35D36F21DB4FBAE00ED6116 /* Assets.xcassets */ = {isa = PBXFileReference; lastKnownFileType = folder.assetcatalog; path = Assets.xcassets; sourceTree = "<group>"; };
		B35D36F51DB4FBAF00ED6116 /* Base */ = {isa = PBXFileReference; lastKnownFileType = file.storyboard; name = Base; path = Base.lproj/LaunchScreen.storyboard; sourceTree = "<group>"; };
		B35D36F71DB4FBAF00ED6116 /* Info.plist */ = {isa = PBXFileReference; lastKnownFileType = text.plist.xml; path = Info.plist; sourceTree = "<group>"; };
		B35D36FA1DB4FBAF00ED6116 /* BitPrice WatchKit App.app */ = {isa = PBXFileReference; explicitFileType = wrapper.application; includeInIndex = 0; path = "BitPrice WatchKit App.app"; sourceTree = BUILT_PRODUCTS_DIR; };
		B35D37001DB4FBAF00ED6116 /* Base */ = {isa = PBXFileReference; lastKnownFileType = file.storyboard; name = Base; path = Base.lproj/Interface.storyboard; sourceTree = "<group>"; };
		B35D37021DB4FBAF00ED6116 /* Assets.xcassets */ = {isa = PBXFileReference; lastKnownFileType = folder.assetcatalog; path = Assets.xcassets; sourceTree = "<group>"; };
		B35D37041DB4FBAF00ED6116 /* Info.plist */ = {isa = PBXFileReference; lastKnownFileType = text.plist.xml; path = Info.plist; sourceTree = "<group>"; };
		B35D37091DB4FBAF00ED6116 /* BitPrice WatchKit Extension.appex */ = {isa = PBXFileReference; explicitFileType = "wrapper.app-extension"; includeInIndex = 0; path = "BitPrice WatchKit Extension.appex"; sourceTree = BUILT_PRODUCTS_DIR; };
		B35D370E1DB4FBAF00ED6116 /* InterfaceController.swift */ = {isa = PBXFileReference; lastKnownFileType = sourcecode.swift; path = InterfaceController.swift; sourceTree = "<group>"; };
		B35D37101DB4FBAF00ED6116 /* ExtensionDelegate.swift */ = {isa = PBXFileReference; lastKnownFileType = sourcecode.swift; path = ExtensionDelegate.swift; sourceTree = "<group>"; };
		B35D37121DB4FBAF00ED6116 /* ComplicationController.swift */ = {isa = PBXFileReference; lastKnownFileType = sourcecode.swift; path = ComplicationController.swift; sourceTree = "<group>"; };
		B35D37141DB4FBAF00ED6116 /* Assets.xcassets */ = {isa = PBXFileReference; lastKnownFileType = folder.assetcatalog; path = Assets.xcassets; sourceTree = "<group>"; };
		B35D37161DB4FBAF00ED6116 /* Info.plist */ = {isa = PBXFileReference; lastKnownFileType = text.plist.xml; path = Info.plist; sourceTree = "<group>"; };
/* End PBXFileReference section */

/* Begin PBXFrameworksBuildPhase section */
		B35D36E51DB4FBAE00ED6116 /* Frameworks */ = {
			isa = PBXFrameworksBuildPhase;
			buildActionMask = 2147483647;
			files = (
			);
			runOnlyForDeploymentPostprocessing = 0;
		};
		B35D37061DB4FBAF00ED6116 /* Frameworks */ = {
			isa = PBXFrameworksBuildPhase;
			buildActionMask = 2147483647;
			files = (
			);
			runOnlyForDeploymentPostprocessing = 0;
		};
/* End PBXFrameworksBuildPhase section */

/* Begin PBXGroup section */
		B35D36DF1DB4FBAE00ED6116 = {
			isa = PBXGroup;
			children = (
				B35D36EA1DB4FBAE00ED6116 /* BitPrice */,
				B35D36FE1DB4FBAF00ED6116 /* BitPrice WatchKit App */,
				B35D370D1DB4FBAF00ED6116 /* BitPrice WatchKit Extension */,
				B35D36E91DB4FBAE00ED6116 /* Products */,
			);
			sourceTree = "<group>";
		};
		B35D36E91DB4FBAE00ED6116 /* Products */ = {
			isa = PBXGroup;
			children = (
				B35D36E81DB4FBAE00ED6116 /* BitPrice.app */,
				B35D36FA1DB4FBAF00ED6116 /* BitPrice WatchKit App.app */,
				B35D37091DB4FBAF00ED6116 /* BitPrice WatchKit Extension.appex */,
			);
			name = Products;
			sourceTree = "<group>";
		};
		B35D36EA1DB4FBAE00ED6116 /* BitPrice */ = {
			isa = PBXGroup;
			children = (
				B35D36EB1DB4FBAE00ED6116 /* AppDelegate.swift */,
				B35D36ED1DB4FBAE00ED6116 /* ViewController.swift */,
				B35D36EF1DB4FBAE00ED6116 /* Main.storyboard */,
				B35D36F21DB4FBAE00ED6116 /* Assets.xcassets */,
				B35D36F41DB4FBAF00ED6116 /* LaunchScreen.storyboard */,
				B35D36F71DB4FBAF00ED6116 /* Info.plist */,
			);
			path = BitPrice;
			sourceTree = "<group>";
		};
		B35D36FE1DB4FBAF00ED6116 /* BitPrice WatchKit App */ = {
			isa = PBXGroup;
			children = (
				B35D36FF1DB4FBAF00ED6116 /* Interface.storyboard */,
				B35D37021DB4FBAF00ED6116 /* Assets.xcassets */,
				B35D37041DB4FBAF00ED6116 /* Info.plist */,
			);
			path = "BitPrice WatchKit App";
			sourceTree = "<group>";
		};
		B35D370D1DB4FBAF00ED6116 /* BitPrice WatchKit Extension */ = {
			isa = PBXGroup;
			children = (
				B35D370E1DB4FBAF00ED6116 /* InterfaceController.swift */,
				B35D37101DB4FBAF00ED6116 /* ExtensionDelegate.swift */,
				B35D37121DB4FBAF00ED6116 /* ComplicationController.swift */,
				B35D37141DB4FBAF00ED6116 /* Assets.xcassets */,
				B35D37161DB4FBAF00ED6116 /* Info.plist */,
			);
			path = "BitPrice WatchKit Extension";
			sourceTree = "<group>";
		};
/* End PBXGroup section */

/* Begin PBXNativeTarget section */
		B35D36E71DB4FBAE00ED6116 /* BitPrice */ = {
			isa = PBXNativeTarget;
			buildConfigurationList = B35D37211DB4FBAF00ED6116 /* Build configuration list for PBXNativeTarget "BitPrice" */;
			buildPhases = (
				B35D36E41DB4FBAE00ED6116 /* Sources */,
				B35D36E51DB4FBAE00ED6116 /* Frameworks */,
				B35D36E61DB4FBAE00ED6116 /* Resources */,
				B35D37201DB4FBAF00ED6116 /* Embed Watch Content */,
			);
			buildRules = (
			);
			dependencies = (
				B35D36FD1DB4FBAF00ED6116 /* PBXTargetDependency */,
			);
			name = BitPrice;
			productName = BitPrice;
			productReference = B35D36E81DB4FBAE00ED6116 /* BitPrice.app */;
			productType = "com.apple.product-type.application";
		};
		B35D36F91DB4FBAF00ED6116 /* BitPrice WatchKit App */ = {
			isa = PBXNativeTarget;
			buildConfigurationList = B35D371D1DB4FBAF00ED6116 /* Build configuration list for PBXNativeTarget "BitPrice WatchKit App" */;
			buildPhases = (
				B35D36F81DB4FBAF00ED6116 /* Resources */,
				B35D371C1DB4FBAF00ED6116 /* Embed App Extensions */,
			);
			buildRules = (
			);
			dependencies = (
				B35D370C1DB4FBAF00ED6116 /* PBXTargetDependency */,
			);
			name = "BitPrice WatchKit App";
			productName = "BitPrice WatchKit App";
			productReference = B35D36FA1DB4FBAF00ED6116 /* BitPrice WatchKit App.app */;
			productType = "com.apple.product-type.application.watchapp2";
		};
		B35D37081DB4FBAF00ED6116 /* BitPrice WatchKit Extension */ = {
			isa = PBXNativeTarget;
			buildConfigurationList = B35D37191DB4FBAF00ED6116 /* Build configuration list for PBXNativeTarget "BitPrice WatchKit Extension" */;
			buildPhases = (
				B35D37051DB4FBAF00ED6116 /* Sources */,
				B35D37061DB4FBAF00ED6116 /* Frameworks */,
				B35D37071DB4FBAF00ED6116 /* Resources */,
			);
			buildRules = (
			);
			dependencies = (
			);
			name = "BitPrice WatchKit Extension";
			productName = "BitPrice WatchKit Extension";
			productReference = B35D37091DB4FBAF00ED6116 /* BitPrice WatchKit Extension.appex */;
			productType = "com.apple.product-type.watchkit2-extension";
		};
/* End PBXNativeTarget section */

/* Begin PBXProject section */
		B35D36E01DB4FBAE00ED6116 /* Project object */ = {
			isa = PBXProject;
			attributes = {
				LastSwiftUpdateCheck = 0800;
				LastUpgradeCheck = 0800;
				ORGANIZATIONNAME = "Daniel Rocha";
				TargetAttributes = {
					B35D36E71DB4FBAE00ED6116 = {
						CreatedOnToolsVersion = 8.0;
						DevelopmentTeam = 7FX2D33UK4;
						ProvisioningStyle = Automatic;
					};
					B35D36F91DB4FBAF00ED6116 = {
						CreatedOnToolsVersion = 8.0;
						DevelopmentTeam = 7FX2D33UK4;
						ProvisioningStyle = Automatic;
					};
					B35D37081DB4FBAF00ED6116 = {
						CreatedOnToolsVersion = 8.0;
						DevelopmentTeam = 7FX2D33UK4;
						ProvisioningStyle = Automatic;
					};
				};
			};
			buildConfigurationList = B35D36E31DB4FBAE00ED6116 /* Build configuration list for PBXProject "BitPrice" */;
			compatibilityVersion = "Xcode 3.2";
			developmentRegion = English;
			hasScannedForEncodings = 0;
			knownRegions = (
				en,
				Base,
			);
			mainGroup = B35D36DF1DB4FBAE00ED6116;
			productRefGroup = B35D36E91DB4FBAE00ED6116 /* Products */;
			projectDirPath = "";
			projectRoot = "";
			targets = (
				B35D36E71DB4FBAE00ED6116 /* BitPrice */,
				B35D36F91DB4FBAF00ED6116 /* BitPrice WatchKit App */,
				B35D37081DB4FBAF00ED6116 /* BitPrice WatchKit Extension */,
			);
		};
/* End PBXProject section */

/* Begin PBXResourcesBuildPhase section */
		B35D36E61DB4FBAE00ED6116 /* Resources */ = {
			isa = PBXResourcesBuildPhase;
			buildActionMask = 2147483647;
			files = (
				B35D36F61DB4FBAF00ED6116 /* LaunchScreen.storyboard in Resources */,
				B35D36F31DB4FBAE00ED6116 /* Assets.xcassets in Resources */,
				B35D36F11DB4FBAE00ED6116 /* Main.storyboard in Resources */,
			);
			runOnlyForDeploymentPostprocessing = 0;
		};
		B35D36F81DB4FBAF00ED6116 /* Resources */ = {
			isa = PBXResourcesBuildPhase;
			buildActionMask = 2147483647;
			files = (
				B35D37031DB4FBAF00ED6116 /* Assets.xcassets in Resources */,
				B35D37011DB4FBAF00ED6116 /* Interface.storyboard in Resources */,
			);
			runOnlyForDeploymentPostprocessing = 0;
		};
		B35D37071DB4FBAF00ED6116 /* Resources */ = {
			isa = PBXResourcesBuildPhase;
			buildActionMask = 2147483647;
			files = (
				B35D37151DB4FBAF00ED6116 /* Assets.xcassets in Resources */,
			);
			runOnlyForDeploymentPostprocessing = 0;
		};
/* End PBXResourcesBuildPhase section */

/* Begin PBXSourcesBuildPhase section */
		B35D36E41DB4FBAE00ED6116 /* Sources */ = {
			isa = PBXSourcesBuildPhase;
			buildActionMask = 2147483647;
			files = (
				B35D36EE1DB4FBAE00ED6116 /* ViewController.swift in Sources */,
				B35D36EC1DB4FBAE00ED6116 /* AppDelegate.swift in Sources */,
			);
			runOnlyForDeploymentPostprocessing = 0;
		};
		B35D37051DB4FBAF00ED6116 /* Sources */ = {
			isa = PBXSourcesBuildPhase;
			buildActionMask = 2147483647;
			files = (
				B35D37111DB4FBAF00ED6116 /* ExtensionDelegate.swift in Sources */,
				B35D370F1DB4FBAF00ED6116 /* InterfaceController.swift in Sources */,
				B35D37131DB4FBAF00ED6116 /* ComplicationController.swift in Sources */,
			);
			runOnlyForDeploymentPostprocessing = 0;
		};
/* End PBXSourcesBuildPhase section */

/* Begin PBXTargetDependency section */
		B35D36FD1DB4FBAF00ED6116 /* PBXTargetDependency */ = {
			isa = PBXTargetDependency;
			target = B35D36F91DB4FBAF00ED6116 /* BitPrice WatchKit App */;
			targetProxy = B35D36FC1DB4FBAF00ED6116 /* PBXContainerItemProxy */;
		};
		B35D370C1DB4FBAF00ED6116 /* PBXTargetDependency */ = {
			isa = PBXTargetDependency;
			target = B35D37081DB4FBAF00ED6116 /* BitPrice WatchKit Extension */;
			targetProxy = B35D370B1DB4FBAF00ED6116 /* PBXContainerItemProxy */;
		};
/* End PBXTargetDependency section */

/* Begin PBXVariantGroup section */
		B35D36EF1DB4FBAE00ED6116 /* Main.storyboard */ = {
			isa = PBXVariantGroup;
			children = (
				B35D36F01DB4FBAE00ED6116 /* Base */,
			);
			name = Main.storyboard;
			sourceTree = "<group>";
		};
		B35D36F41DB4FBAF00ED6116 /* LaunchScreen.storyboard */ = {
			isa = PBXVariantGroup;
			children = (
				B35D36F51DB4FBAF00ED6116 /* Base */,
			);
			name = LaunchScreen.storyboard;
			sourceTree = "<group>";
		};
		B35D36FF1DB4FBAF00ED6116 /* Interface.storyboard */ = {
			isa = PBXVariantGroup;
			children = (
				B35D37001DB4FBAF00ED6116 /* Base */,
			);
			name = Interface.storyboard;
			sourceTree = "<group>";
		};
/* End PBXVariantGroup section */

/* Begin XCBuildConfiguration section */
		B35D37171DB4FBAF00ED6116 /* Debug */ = {
			isa = XCBuildConfiguration;
			buildSettings = {
				ALWAYS_SEARCH_USER_PATHS = NO;
				CLANG_ANALYZER_NONNULL = YES;
				CLANG_CXX_LANGUAGE_STANDARD = "gnu++0x";
				CLANG_CXX_LIBRARY = "libc++";
				CLANG_ENABLE_MODULES = YES;
				CLANG_ENABLE_OBJC_ARC = YES;
				CLANG_WARN_BOOL_CONVERSION = YES;
				CLANG_WARN_CONSTANT_CONVERSION = YES;
				CLANG_WARN_DIRECT_OBJC_ISA_USAGE = YES_ERROR;
				CLANG_WARN_DOCUMENTATION_COMMENTS = YES;
				CLANG_WARN_EMPTY_BODY = YES;
				CLANG_WARN_ENUM_CONVERSION = YES;
				CLANG_WARN_INFINITE_RECURSION = YES;
				CLANG_WARN_INT_CONVERSION = YES;
				CLANG_WARN_OBJC_ROOT_CLASS = YES_ERROR;
				CLANG_WARN_SUSPICIOUS_MOVES = YES;
				CLANG_WARN_UNREACHABLE_CODE = YES;
				CLANG_WARN__DUPLICATE_METHOD_MATCH = YES;
				"CODE_SIGN_IDENTITY[sdk=iphoneos*]" = "iPhone Developer";
				COPY_PHASE_STRIP = NO;
				DEBUG_INFORMATION_FORMAT = dwarf;
				ENABLE_STRICT_OBJC_MSGSEND = YES;
				ENABLE_TESTABILITY = YES;
				GCC_C_LANGUAGE_STANDARD = gnu99;
				GCC_DYNAMIC_NO_PIC = NO;
				GCC_NO_COMMON_BLOCKS = YES;
				GCC_OPTIMIZATION_LEVEL = 0;
				GCC_PREPROCESSOR_DEFINITIONS = (
					"DEBUG=1",
					"$(inherited)",
				);
				GCC_WARN_64_TO_32_BIT_CONVERSION = YES;
				GCC_WARN_ABOUT_RETURN_TYPE = YES_ERROR;
				GCC_WARN_UNDECLARED_SELECTOR = YES;
				GCC_WARN_UNINITIALIZED_AUTOS = YES_AGGRESSIVE;
				GCC_WARN_UNUSED_FUNCTION = YES;
				GCC_WARN_UNUSED_VARIABLE = YES;
				IPHONEOS_DEPLOYMENT_TARGET = 10.0;
				MTL_ENABLE_DEBUG_INFO = YES;
				ONLY_ACTIVE_ARCH = YES;
				SDKROOT = iphoneos;
				SWIFT_ACTIVE_COMPILATION_CONDITIONS = DEBUG;
				SWIFT_OPTIMIZATION_LEVEL = "-Onone";
				TARGETED_DEVICE_FAMILY = "1,2";
			};
			name = Debug;
		};
		B35D37181DB4FBAF00ED6116 /* Release */ = {
			isa = XCBuildConfiguration;
			buildSettings = {
				ALWAYS_SEARCH_USER_PATHS = NO;
				CLANG_ANALYZER_NONNULL = YES;
				CLANG_CXX_LANGUAGE_STANDARD = "gnu++0x";
				CLANG_CXX_LIBRARY = "libc++";
				CLANG_ENABLE_MODULES = YES;
				CLANG_ENABLE_OBJC_ARC = YES;
				CLANG_WARN_BOOL_CONVERSION = YES;
				CLANG_WARN_CONSTANT_CONVERSION = YES;
				CLANG_WARN_DIRECT_OBJC_ISA_USAGE = YES_ERROR;
				CLANG_WARN_DOCUMENTATION_COMMENTS = YES;
				CLANG_WARN_EMPTY_BODY = YES;
				CLANG_WARN_ENUM_CONVERSION = YES;
				CLANG_WARN_INFINITE_RECURSION = YES;
				CLANG_WARN_INT_CONVERSION = YES;
				CLANG_WARN_OBJC_ROOT_CLASS = YES_ERROR;
				CLANG_WARN_SUSPICIOUS_MOVES = YES;
				CLANG_WARN_UNREACHABLE_CODE = YES;
				CLANG_WARN__DUPLICATE_METHOD_MATCH = YES;
				"CODE_SIGN_IDENTITY[sdk=iphoneos*]" = "iPhone Developer";
				COPY_PHASE_STRIP = NO;
				DEBUG_INFORMATION_FORMAT = "dwarf-with-dsym";
				ENABLE_NS_ASSERTIONS = NO;
				ENABLE_STRICT_OBJC_MSGSEND = YES;
				GCC_C_LANGUAGE_STANDARD = gnu99;
				GCC_NO_COMMON_BLOCKS = YES;
				GCC_WARN_64_TO_32_BIT_CONVERSION = YES;
				GCC_WARN_ABOUT_RETURN_TYPE = YES_ERROR;
				GCC_WARN_UNDECLARED_SELECTOR = YES;
				GCC_WARN_UNINITIALIZED_AUTOS = YES_AGGRESSIVE;
				GCC_WARN_UNUSED_FUNCTION = YES;
				GCC_WARN_UNUSED_VARIABLE = YES;
				IPHONEOS_DEPLOYMENT_TARGET = 10.0;
				MTL_ENABLE_DEBUG_INFO = NO;
				SDKROOT = iphoneos;
				SWIFT_OPTIMIZATION_LEVEL = "-Owholemodule";
				TARGETED_DEVICE_FAMILY = "1,2";
				VALIDATE_PRODUCT = YES;
			};
			name = Release;
		};
		B35D371A1DB4FBAF00ED6116 /* Debug */ = {
			isa = XCBuildConfiguration;
			buildSettings = {
				ASSETCATALOG_COMPILER_COMPLICATION_NAME = Complication;
				DEVELOPMENT_TEAM = 7FX2D33UK4;
				INFOPLIST_FILE = "BitPrice WatchKit Extension/Info.plist";
				LD_RUNPATH_SEARCH_PATHS = "$(inherited) @executable_path/Frameworks @executable_path/../../Frameworks";
				PRODUCT_BUNDLE_IDENTIFIER = com.daniel.BitPrice.watchkitapp.watchkitextension;
				PRODUCT_NAME = "${TARGET_NAME}";
				SDKROOT = watchos;
				SKIP_INSTALL = YES;
				SWIFT_VERSION = 3.0;
				TARGETED_DEVICE_FAMILY = 4;
				WATCHOS_DEPLOYMENT_TARGET = 3.0;
			};
			name = Debug;
		};
		B35D371B1DB4FBAF00ED6116 /* Release */ = {
			isa = XCBuildConfiguration;
			buildSettings = {
				ASSETCATALOG_COMPILER_COMPLICATION_NAME = Complication;
				DEVELOPMENT_TEAM = 7FX2D33UK4;
				INFOPLIST_FILE = "BitPrice WatchKit Extension/Info.plist";
				LD_RUNPATH_SEARCH_PATHS = "$(inherited) @executable_path/Frameworks @executable_path/../../Frameworks";
				PRODUCT_BUNDLE_IDENTIFIER = com.daniel.BitPrice.watchkitapp.watchkitextension;
				PRODUCT_NAME = "${TARGET_NAME}";
				SDKROOT = watchos;
				SKIP_INSTALL = YES;
				SWIFT_VERSION = 3.0;
				TARGETED_DEVICE_FAMILY = 4;
				WATCHOS_DEPLOYMENT_TARGET = 3.0;
			};
			name = Release;
		};
		B35D371E1DB4FBAF00ED6116 /* Debug */ = {
			isa = XCBuildConfiguration;
			buildSettings = {
				ALWAYS_EMBED_SWIFT_STANDARD_LIBRARIES = YES;
				ASSETCATALOG_COMPILER_APPICON_NAME = AppIcon;
				DEVELOPMENT_TEAM = 7FX2D33UK4;
				IBSC_MODULE = BitPrice_WatchKit_Extension;
				INFOPLIST_FILE = "BitPrice WatchKit App/Info.plist";
				PRODUCT_BUNDLE_IDENTIFIER = com.daniel.BitPrice.watchkitapp;
				PRODUCT_NAME = "$(TARGET_NAME)";
				SDKROOT = watchos;
				SKIP_INSTALL = YES;
				SWIFT_VERSION = 3.0;
				TARGETED_DEVICE_FAMILY = 4;
				WATCHOS_DEPLOYMENT_TARGET = 3.0;
			};
			name = Debug;
		};
		B35D371F1DB4FBAF00ED6116 /* Release */ = {
			isa = XCBuildConfiguration;
			buildSettings = {
				ALWAYS_EMBED_SWIFT_STANDARD_LIBRARIES = YES;
				ASSETCATALOG_COMPILER_APPICON_NAME = AppIcon;
				DEVELOPMENT_TEAM = 7FX2D33UK4;
				IBSC_MODULE = BitPrice_WatchKit_Extension;
				INFOPLIST_FILE = "BitPrice WatchKit App/Info.plist";
				PRODUCT_BUNDLE_IDENTIFIER = com.daniel.BitPrice.watchkitapp;
				PRODUCT_NAME = "$(TARGET_NAME)";
				SDKROOT = watchos;
				SKIP_INSTALL = YES;
				SWIFT_VERSION = 3.0;
				TARGETED_DEVICE_FAMILY = 4;
				WATCHOS_DEPLOYMENT_TARGET = 3.0;
			};
			name = Release;
		};
		B35D37221DB4FBAF00ED6116 /* Debug */ = {
			isa = XCBuildConfiguration;
			buildSettings = {
				ASSETCATALOG_COMPILER_APPICON_NAME = AppIcon;
				DEVELOPMENT_TEAM = 7FX2D33UK4;
				INFOPLIST_FILE = BitPrice/Info.plist;
				LD_RUNPATH_SEARCH_PATHS = "$(inherited) @executable_path/Frameworks";
				PRODUCT_BUNDLE_IDENTIFIER = com.daniel.BitPrice;
				PRODUCT_NAME = "$(TARGET_NAME)";
				SWIFT_VERSION = 3.0;
			};
			name = Debug;
		};
		B35D37231DB4FBAF00ED6116 /* Release */ = {
			isa = XCBuildConfiguration;
			buildSettings = {
				ASSETCATALOG_COMPILER_APPICON_NAME = AppIcon;
				DEVELOPMENT_TEAM = 7FX2D33UK4;
				INFOPLIST_FILE = BitPrice/Info.plist;
				LD_RUNPATH_SEARCH_PATHS = "$(inherited) @executable_path/Frameworks";
				PRODUCT_BUNDLE_IDENTIFIER = com.daniel.BitPrice;
				PRODUCT_NAME = "$(TARGET_NAME)";
				SWIFT_VERSION = 3.0;
			};
			name = Release;
		};
/* End XCBuildConfiguration section */

/* Begin XCConfigurationList section */
		B35D36E31DB4FBAE00ED6116 /* Build configuration list for PBXProject "BitPrice" */ = {
			isa = XCConfigurationList;
			buildConfigurations = (
				B35D37171DB4FBAF00ED6116 /* Debug */,
				B35D37181DB4FBAF00ED6116 /* Release */,
			);
			defaultConfigurationIsVisible = 0;
			defaultConfigurationName = Release;
		};
		B35D37191DB4FBAF00ED6116 /* Build configuration list for PBXNativeTarget "BitPrice WatchKit Extension" */ = {
			isa = XCConfigurationList;
			buildConfigurations = (
				B35D371A1DB4FBAF00ED6116 /* Debug */,
				B35D371B1DB4FBAF00ED6116 /* Release */,
			);
			defaultConfigurationIsVisible = 0;
		};
		B35D371D1DB4FBAF00ED6116 /* Build configuration list for PBXNativeTarget "BitPrice WatchKit App" */ = {
			isa = XCConfigurationList;
			buildConfigurations = (
				B35D371E1DB4FBAF00ED6116 /* Debug */,
				B35D371F1DB4FBAF00ED6116 /* Release */,
			);
			defaultConfigurationIsVisible = 0;
		};
		B35D37211DB4FBAF00ED6116 /* Build configuration list for PBXNativeTarget "BitPrice" */ = {
			isa = XCConfigurationList;
			buildConfigurations = (
				B35D37221DB4FBAF00ED6116 /* Debug */,
				B35D37231DB4FBAF00ED6116 /* Release */,
			);
			defaultConfigurationIsVisible = 0;
		};
/* End XCConfigurationList section */
	};
	rootObject = B35D36E01DB4FBAE00ED6116 /* Project object */;
}
